
Microsoft Visual Studio Solution File, Format Version 12.00
# Visual Studio Version 17
VisualStudioVersion = 17.12.35514.174 d17.12
MinimumVisualStudioVersion = 10.0.40219.1
Project("{FAE04EC0-301F-11D3-BF4B-00C04F79EFBC}") = "NinjaTools", "NinjaTools\NinjaTools.csproj", "{7E493474-9BF0-40F2-A9C9-E68DBE6536F6}"
EndProject
Project("{FAE04EC0-301F-11D3-BF4B-00C04F79EFBC}") = "CakeBuild", "ZZCakeBuild\CakeBuild.csproj", "{D93D01C4-1F6A-4112-9033-AABC43519461}"
EndProject
Global
	GlobalSection(SolutionConfigurationPlatforms) = preSolution
		Debug|Any CPU = Debug|Any CPU
		Release|Any CPU = Release|Any CPU
	EndGlobalSection
	GlobalSection(ProjectConfigurationPlatforms) = postSolution
		{7E493474-9BF0-40F2-A9C9-E68DBE6536F6}.Debug|Any CPU.ActiveCfg = Debug|Any CPU
		{7E493474-9BF0-40F2-A9C9-E68DBE6536F6}.Debug|Any CPU.Build.0 = Debug|Any CPU
		{7E493474-9BF0-40F2-A9C9-E68DBE6536F6}.Release|Any CPU.ActiveCfg = Release|Any CPU
		{7E493474-9BF0-40F2-A9C9-E68DBE6536F6}.Release|Any CPU.Build.0 = Release|Any CPU
		{D93D01C4-1F6A-4112-9033-AABC43519461}.Debug|Any CPU.ActiveCfg = Debug|Any CPU
		{D93D01C4-1F6A-4112-9033-AABC43519461}.Debug|Any CPU.Build.0 = Debug|Any CPU
		{D93D01C4-1F6A-4112-9033-AABC43519461}.Release|Any CPU.ActiveCfg = Release|Any CPU
		{D93D01C4-1F6A-4112-9033-AABC43519461}.Release|Any CPU.Build.0 = Release|Any CPU
	EndGlobalSection
	GlobalSection(SolutionProperties) = preSolution
		HideSolutionNode = FALSE
	EndGlobalSection
EndGlobal
